
Microsoft Visual Studio Solution File, Format Version 12.00
# Visual Studio Version 16
VisualStudioVersion = 16.0.29728.190
MinimumVisualStudioVersion = 10.0.40219.1
Project("{FAE04EC0-301F-11D3-BF4B-00C04F79EFBC}") = "RA_LANG", "RA_LANG.csproj", "{C753943E-DF77-4729-AE69-E9A7B31AAA10}"
EndProject
Global
	GlobalSection(SolutionConfigurationPlatforms) = preSolution
		Debug|Any CPU = Debug|Any CPU
		Release|Any CPU = Release|Any CPU
	EndGlobalSection
	GlobalSection(ProjectConfigurationPlatforms) = postSolution
		{C753943E-DF77-4729-AE69-E9A7B31AAA10}.Debug|Any CPU.ActiveCfg = Debug|Any CPU
		{C753943E-DF77-4729-AE69-E9A7B31AAA10}.Debug|Any CPU.Build.0 = Debug|Any CPU
		{C753943E-DF77-4729-AE69-E9A7B31AAA10}.Release|Any CPU.ActiveCfg = Release|Any CPU
		{C753943E-DF77-4729-AE69-E9A7B31AAA10}.Release|Any CPU.Build.0 = Release|Any CPU
	EndGlobalSection
	GlobalSection(SolutionProperties) = preSolution
		HideSolutionNode = FALSE
	EndGlobalSection
	GlobalSection(ExtensibilityGlobals) = postSolution
		SolutionGuid = {91A898A5-A516-4060-B9E5-8E4D236CF339}
	EndGlobalSection
EndGlobal
